
Microsoft Visual Studio Solution File, Format Version 12.00
# Visual Studio 15
VisualStudioVersion = 15.0.28307.572
MinimumVisualStudioVersion = 10.0.40219.1
Project("{FAE04EC0-301F-11D3-BF4B-00C04F79EFBC}") = "WinDesignerDashboardState", "WinDesignerDashboardState\WinDesignerDashboardState.csproj", "{76738804-BEAF-4C74-BE37-CD712F0764C3}"
EndProject
Global
	GlobalSection(SolutionConfigurationPlatforms) = preSolution
		Debug|Any CPU = Debug|Any CPU
		Release|Any CPU = Release|Any CPU
	EndGlobalSection
	GlobalSection(ProjectConfigurationPlatforms) = postSolution
		{76738804-BEAF-4C74-BE37-CD712F0764C3}.Debug|Any CPU.ActiveCfg = Debug|Any CPU
		{76738804-BEAF-4C74-BE37-CD712F0764C3}.Debug|Any CPU.Build.0 = Debug|Any CPU
		{76738804-BEAF-4C74-BE37-CD712F0764C3}.Release|Any CPU.ActiveCfg = Release|Any CPU
		{76738804-BEAF-4C74-BE37-CD712F0764C3}.Release|Any CPU.Build.0 = Release|Any CPU
	EndGlobalSection
	GlobalSection(SolutionProperties) = preSolution
		HideSolutionNode = FALSE
	EndGlobalSection
	GlobalSection(ExtensibilityGlobals) = postSolution
		SolutionGuid = {B80191D0-F778-44FF-B560-99727396CA97}
	EndGlobalSection
EndGlobal
